
Microsoft Visual Studio Solution File, Format Version 12.00
# Visual Studio Version 17
VisualStudioVersion = 17.8.34330.188
MinimumVisualStudioVersion = 10.0.40219.1
Project("{FAE04EC0-301F-11D3-BF4B-00C04F79EFBC}") = "Lab42", "Lab42.csproj", "{3E3E5DFE-5EB0-461F-986D-375369115CB1}"
EndProject
Global
	GlobalSection(SolutionConfigurationPlatforms) = preSolution
		Debug|Any CPU = Debug|Any CPU
		Release|Any CPU = Release|Any CPU
	EndGlobalSection
	GlobalSection(ProjectConfigurationPlatforms) = postSolution
		{3E3E5DFE-5EB0-461F-986D-375369115CB1}.Debug|Any CPU.ActiveCfg = Debug|Any CPU
		{3E3E5DFE-5EB0-461F-986D-375369115CB1}.Debug|Any CPU.Build.0 = Debug|Any CPU
		{3E3E5DFE-5EB0-461F-986D-375369115CB1}.Release|Any CPU.ActiveCfg = Release|Any CPU
		{3E3E5DFE-5EB0-461F-986D-375369115CB1}.Release|Any CPU.Build.0 = Release|Any CPU
	EndGlobalSection
	GlobalSection(SolutionProperties) = preSolution
		HideSolutionNode = FALSE
	EndGlobalSection
	GlobalSection(ExtensibilityGlobals) = postSolution
		SolutionGuid = {AE338CDC-DDD6-40BB-A428-AB97F89ABC90}
	EndGlobalSection
EndGlobal
